
Microsoft Visual Studio Solution File, Format Version 12.00
# Visual Studio 15
Project("{FAE04EC0-301F-11D3-BF4B-00C04F79EFBC}") = "Assembly-CSharp-Editor", "Assembly-CSharp-Editor.csproj", "{A18BB210-7691-8D88-9F3B-78AC4660CB8E}"
EndProject
Project("{FAE04EC0-301F-11D3-BF4B-00C04F79EFBC}") = "Assembly-CSharp", "Assembly-CSharp.csproj", "{1589E817-D65C-4A8D-B984-0621340C005E}"
EndProject
Global
	GlobalSection(SolutionConfigurationPlatforms) = preSolution
		Debug|Any CPU = Debug|Any CPU
		Release|Any CPU = Release|Any CPU
	EndGlobalSection
	GlobalSection(ProjectConfigurationPlatforms) = postSolution
		{A18BB210-7691-8D88-9F3B-78AC4660CB8E}.Debug|Any CPU.ActiveCfg = Debug|Any CPU
		{A18BB210-7691-8D88-9F3B-78AC4660CB8E}.Debug|Any CPU.Build.0 = Debug|Any CPU
		{A18BB210-7691-8D88-9F3B-78AC4660CB8E}.Release|Any CPU.ActiveCfg = Release|Any CPU
		{A18BB210-7691-8D88-9F3B-78AC4660CB8E}.Release|Any CPU.Build.0 = Release|Any CPU
		{1589E817-D65C-4A8D-B984-0621340C005E}.Debug|Any CPU.ActiveCfg = Debug|Any CPU
		{1589E817-D65C-4A8D-B984-0621340C005E}.Debug|Any CPU.Build.0 = Debug|Any CPU
		{1589E817-D65C-4A8D-B984-0621340C005E}.Release|Any CPU.ActiveCfg = Release|Any CPU
		{1589E817-D65C-4A8D-B984-0621340C005E}.Release|Any CPU.Build.0 = Release|Any CPU
	EndGlobalSection
	GlobalSection(SolutionProperties) = preSolution
		HideSolutionNode = FALSE
	EndGlobalSection
EndGlobal
